
Microsoft Visual Studio Solution File, Format Version 12.00
# Visual Studio Version 17
VisualStudioVersion = 17.11.35303.130
MinimumVisualStudioVersion = 10.0.40219.1
Project("{FAE04EC0-301F-11D3-BF4B-00C04F79EFBC}") = "Trasabilitate", "Trasabilitate\Trasabilitate.csproj", "{C6170165-4F8F-4F71-B9CB-3C3A6529B177}"
EndProject
Global
	GlobalSection(SolutionConfigurationPlatforms) = preSolution
		Debug|Any CPU = Debug|Any CPU
		Release|Any CPU = Release|Any CPU
	EndGlobalSection
	GlobalSection(ProjectConfigurationPlatforms) = postSolution
		{C6170165-4F8F-4F71-B9CB-3C3A6529B177}.Debug|Any CPU.ActiveCfg = Debug|Any CPU
		{C6170165-4F8F-4F71-B9CB-3C3A6529B177}.Debug|Any CPU.Build.0 = Debug|Any CPU
		{C6170165-4F8F-4F71-B9CB-3C3A6529B177}.Release|Any CPU.ActiveCfg = Release|Any CPU
		{C6170165-4F8F-4F71-B9CB-3C3A6529B177}.Release|Any CPU.Build.0 = Release|Any CPU
	EndGlobalSection
	GlobalSection(SolutionProperties) = preSolution
		HideSolutionNode = FALSE
	EndGlobalSection
	GlobalSection(ExtensibilityGlobals) = postSolution
		SolutionGuid = {81B31EF7-C57C-48F8-8481-8E84AB853DD2}
	EndGlobalSection
EndGlobal
